
Microsoft Visual Studio Solution File, Format Version 12.00
# Visual Studio Version 17
VisualStudioVersion = 17.7.34024.191
MinimumVisualStudioVersion = 10.0.40219.1
Project("{9A19103F-16F7-4668-BE54-9A1E7A4F7556}") = "RecipementAPI", "RecipementsAPI\RecipementAPI.csproj", "{6BFBA374-82AD-4803-86BB-8C1F105E4A1B}"
EndProject
Project("{9A19103F-16F7-4668-BE54-9A1E7A4F7556}") = "RecipementAPI.Models", "RecipementAPI.Models\RecipementAPI.Models.csproj", "{B610FB70-C6E1-471A-AC8C-F0770BE2DC50}"
EndProject
Project("{9A19103F-16F7-4668-BE54-9A1E7A4F7556}") = "APIClient", "APIClient\APIClient.csproj", "{11AC0C9B-8760-4254-ADB3-17337A8AD89C}"
EndProject
Global
	GlobalSection(SolutionConfigurationPlatforms) = preSolution
		Debug|Any CPU = Debug|Any CPU
		Release|Any CPU = Release|Any CPU
	EndGlobalSection
	GlobalSection(ProjectConfigurationPlatforms) = postSolution
		{6BFBA374-82AD-4803-86BB-8C1F105E4A1B}.Debug|Any CPU.ActiveCfg = Debug|Any CPU
		{6BFBA374-82AD-4803-86BB-8C1F105E4A1B}.Debug|Any CPU.Build.0 = Debug|Any CPU
		{6BFBA374-82AD-4803-86BB-8C1F105E4A1B}.Release|Any CPU.ActiveCfg = Release|Any CPU
		{6BFBA374-82AD-4803-86BB-8C1F105E4A1B}.Release|Any CPU.Build.0 = Release|Any CPU
		{B610FB70-C6E1-471A-AC8C-F0770BE2DC50}.Debug|Any CPU.ActiveCfg = Debug|Any CPU
		{B610FB70-C6E1-471A-AC8C-F0770BE2DC50}.Debug|Any CPU.Build.0 = Debug|Any CPU
		{B610FB70-C6E1-471A-AC8C-F0770BE2DC50}.Release|Any CPU.ActiveCfg = Release|Any CPU
		{B610FB70-C6E1-471A-AC8C-F0770BE2DC50}.Release|Any CPU.Build.0 = Release|Any CPU
		{11AC0C9B-8760-4254-ADB3-17337A8AD89C}.Debug|Any CPU.ActiveCfg = Debug|Any CPU
		{11AC0C9B-8760-4254-ADB3-17337A8AD89C}.Debug|Any CPU.Build.0 = Debug|Any CPU
		{11AC0C9B-8760-4254-ADB3-17337A8AD89C}.Release|Any CPU.ActiveCfg = Release|Any CPU
		{11AC0C9B-8760-4254-ADB3-17337A8AD89C}.Release|Any CPU.Build.0 = Release|Any CPU
	EndGlobalSection
	GlobalSection(SolutionProperties) = preSolution
		HideSolutionNode = FALSE
	EndGlobalSection
	GlobalSection(ExtensibilityGlobals) = postSolution
		SolutionGuid = {5A853819-4CC4-44B1-B5E7-0251160544C1}
	EndGlobalSection
EndGlobal
